// !$*UTF8*$!
{
	archiveVersion = 1;
	classes = {
	};
	objectVersion = 46;
	objects = {

/* Begin PBXBuildFile section */
		D0E996A31AF4230C00E3DA91 /* main.m in Sources */ = {isa = PBXBuildFile; fileRef = D0E996A21AF4230C00E3DA91 /* main.m */; };
		D0E996A61AF4230C00E3DA91 /* AppDelegate.m in Sources */ = {isa = PBXBuildFile; fileRef = D0E996A51AF4230C00E3DA91 /* AppDelegate.m */; };
		D0E996A91AF4230C00E3DA91 /* ViewController.m in Sources */ = {isa = PBXBuildFile; fileRef = D0E996A81AF4230C00E3DA91 /* ViewController.m */; };
		D0E996AC1AF4230C00E3DA91 /* Main.storyboard in Resources */ = {isa = PBXBuildFile; fileRef = D0E996AA1AF4230C00E3DA91 /* Main.storyboard */; };
		D0E996AE1AF4230C00E3DA91 /* Images.xcassets in Resources */ = {isa = PBXBuildFile; fileRef = D0E996AD1AF4230C00E3DA91 /* Images.xcassets */; };
		D0E996B11AF4230C00E3DA91 /* LaunchScreen.xib in Resources */ = {isa = PBXBuildFile; fileRef = D0E996AF1AF4230C00E3DA91 /* LaunchScreen.xib */; };
		D0E996BD1AF4230C00E3DA91 /* PracticePracticeTests.m in Sources */ = {isa = PBXBuildFile; fileRef = D0E996BC1AF4230C00E3DA91 /* PracticePracticeTests.m */; };
/* End PBXBuildFile section */

/* Begin PBXContainerItemProxy section */
		D0E996B71AF4230C00E3DA91 /* PBXContainerItemProxy */ = {
			isa = PBXContainerItemProxy;
			containerPortal = D0E996951AF4230C00E3DA91 /* Project object */;
			proxyType = 1;
			remoteGlobalIDString = D0E9969C1AF4230C00E3DA91;
			remoteInfo = PracticePractice;
		};
/* End PBXContainerItemProxy section */

/* Begin PBXFileReference section */
		D0E9969D1AF4230C00E3DA91 /* PracticePractice.app */ = {isa = PBXFileReference; explicitFileType = wrapper.application; includeInIndex = 0; path = PracticePractice.app; sourceTree = BUILT_PRODUCTS_DIR; };
		D0E996A11AF4230C00E3DA91 /* Info.plist */ = {isa = PBXFileReference; lastKnownFileType = text.plist.xml; path = Info.plist; sourceTree = "<group>"; };
		D0E996A21AF4230C00E3DA91 /* main.m */ = {isa = PBXFileReference; lastKnownFileType = sourcecode.c.objc; path = main.m; sourceTree = "<group>"; };
		D0E996A41AF4230C00E3DA91 /* AppDelegate.h */ = {isa = PBXFileReference; lastKnownFileType = sourcecode.c.h; path = AppDelegate.h; sourceTree = "<group>"; };
		D0E996A51AF4230C00E3DA91 /* AppDelegate.m */ = {isa = PBXFileReference; lastKnownFileType = sourcecode.c.objc; path = AppDelegate.m; sourceTree = "<group>"; };
		D0E996A71AF4230C00E3DA91 /* ViewController.h */ = {isa = PBXFileReference; lastKnownFileType = sourcecode.c.h; path = ViewController.h; sourceTree = "<group>"; };
		D0E996A81AF4230C00E3DA91 /* ViewController.m */ = {isa = PBXFileReference; lastKnownFileType = sourcecode.c.objc; path = ViewController.m; sourceTree = "<group>"; };
		D0E996AB1AF4230C00E3DA91 /* Base */ = {isa = PBXFileReference; lastKnownFileType = file.storyboard; name = Base; path = Base.lproj/Main.storyboard; sourceTree = "<group>"; };
		D0E996AD1AF4230C00E3DA91 /* Images.xcassets */ = {isa = PBXFileReference; lastKnownFileType = folder.assetcatalog; path = Images.xcassets; sourceTree = "<group>"; };
		D0E996B01AF4230C00E3DA91 /* Base */ = {isa = PBXFileReference; lastKnownFileType = file.xib; name = Base; path = Base.lproj/LaunchScreen.xib; sourceTree = "<group>"; };
		D0E996B61AF4230C00E3DA91 /* PracticePracticeTests.xctest */ = {isa = PBXFileReference; explicitFileType = wrapper.cfbundle; includeInIndex = 0; path = PracticePracticeTests.xctest; sourceTree = BUILT_PRODUCTS_DIR; };
		D0E996BB1AF4230C00E3DA91 /* Info.plist */ = {isa = PBXFileReference; lastKnownFileType = text.plist.xml; path = Info.plist; sourceTree = "<group>"; };
		D0E996BC1AF4230C00E3DA91 /* PracticePracticeTests.m */ = {isa = PBXFileReference; lastKnownFileType = sourcecode.c.objc; path = PracticePracticeTests.m; sourceTree = "<group>"; };
/* End PBXFileReference section */

/* Begin PBXFrameworksBuildPhase section */
		D0E9969A1AF4230C00E3DA91 /* Frameworks */ = {
			isa = PBXFrameworksBuildPhase;
			buildActionMask = 2147483647;
			files = (
			);
			runOnlyForDeploymentPostprocessing = 0;
		};
		D0E996B31AF4230C00E3DA91 /* Frameworks */ = {
			isa = PBXFrameworksBuildPhase;
			buildActionMask = 2147483647;
			files = (
			);
			runOnlyForDeploymentPostprocessing = 0;
		};
/* End PBXFrameworksBuildPhase section */

/* Begin PBXGroup section */
		D0E996941AF4230C00E3DA91 = {
			isa = PBXGroup;
			children = (
				D0E9969F1AF4230C00E3DA91 /* PracticePractice */,
				D0E996B91AF4230C00E3DA91 /* PracticePracticeTests */,
				D0E9969E1AF4230C00E3DA91 /* Products */,
			);
			sourceTree = "<group>";
		};
		D0E9969E1AF4230C00E3DA91 /* Products */ = {
			isa = PBXGroup;
			children = (
				D0E9969D1AF4230C00E3DA91 /* PracticePractice.app */,
				D0E996B61AF4230C00E3DA91 /* PracticePracticeTests.xctest */,
			);
			name = Products;
			sourceTree = "<group>";
		};
		D0E9969F1AF4230C00E3DA91 /* PracticePractice */ = {
			isa = PBXGroup;
			children = (
				D0E996A41AF4230C00E3DA91 /* AppDelegate.h */,
				D0E996A51AF4230C00E3DA91 /* AppDelegate.m */,
				D0E996A71AF4230C00E3DA91 /* ViewController.h */,
				D0E996A81AF4230C00E3DA91 /* ViewController.m */,
				D0E996AA1AF4230C00E3DA91 /* Main.storyboard */,
				D0E996AD1AF4230C00E3DA91 /* Images.xcassets */,
				D0E996AF1AF4230C00E3DA91 /* LaunchScreen.xib */,
				D0E996A01AF4230C00E3DA91 /* Supporting Files */,
			);
			path = PracticePractice;
			sourceTree = "<group>";
		};
		D0E996A01AF4230C00E3DA91 /* Supporting Files */ = {
			isa = PBXGroup;
			children = (
				D0E996A11AF4230C00E3DA91 /* Info.plist */,
				D0E996A21AF4230C00E3DA91 /* main.m */,
			);
			name = "Supporting Files";
			sourceTree = "<group>";
		};
		D0E996B91AF4230C00E3DA91 /* PracticePracticeTests */ = {
			isa = PBXGroup;
			children = (
				D0E996BC1AF4230C00E3DA91 /* PracticePracticeTests.m */,
				D0E996BA1AF4230C00E3DA91 /* Supporting Files */,
			);
			path = PracticePracticeTests;
			sourceTree = "<group>";
		};
		D0E996BA1AF4230C00E3DA91 /* Supporting Files */ = {
			isa = PBXGroup;
			children = (
				D0E996BB1AF4230C00E3DA91 /* Info.plist */,
			);
			name = "Supporting Files";
			sourceTree = "<group>";
		};
/* End PBXGroup section */

/* Begin PBXNativeTarget section */
		D0E9969C1AF4230C00E3DA91 /* PracticePractice */ = {
			isa = PBXNativeTarget;
			buildConfigurationList = D0E996C01AF4230C00E3DA91 /* Build configuration list for PBXNativeTarget "PracticePractice" */;
			buildPhases = (
				D0E996991AF4230C00E3DA91 /* Sources */,
				D0E9969A1AF4230C00E3DA91 /* Frameworks */,
				D0E9969B1AF4230C00E3DA91 /* Resources */,
			);
			buildRules = (
			);
			dependencies = (
			);
			name = PracticePractice;
			productName = PracticePractice;
			productReference = D0E9969D1AF4230C00E3DA91 /* PracticePractice.app */;
			productType = "com.apple.product-type.application";
		};
		D0E996B51AF4230C00E3DA91 /* PracticePracticeTests */ = {
			isa = PBXNativeTarget;
			buildConfigurationList = D0E996C31AF4230C00E3DA91 /* Build configuration list for PBXNativeTarget "PracticePracticeTests" */;
			buildPhases = (
				D0E996B21AF4230C00E3DA91 /* Sources */,
				D0E996B31AF4230C00E3DA91 /* Frameworks */,
				D0E996B41AF4230C00E3DA91 /* Resources */,
			);
			buildRules = (
			);
			dependencies = (
				D0E996B81AF4230C00E3DA91 /* PBXTargetDependency */,
			);
			name = PracticePracticeTests;
			productName = PracticePracticeTests;
			productReference = D0E996B61AF4230C00E3DA91 /* PracticePracticeTests.xctest */;
			productType = "com.apple.product-type.bundle.unit-test";
		};
/* End PBXNativeTarget section */

/* Begin PBXProject section */
		D0E996951AF4230C00E3DA91 /* Project object */ = {
			isa = PBXProject;
			attributes = {
				LastUpgradeCheck = 0620;
				ORGANIZATIONNAME = "Justin Huntington";
				TargetAttributes = {
					D0E9969C1AF4230C00E3DA91 = {
						CreatedOnToolsVersion = 6.2;
					};
					D0E996B51AF4230C00E3DA91 = {
						CreatedOnToolsVersion = 6.2;
						TestTargetID = D0E9969C1AF4230C00E3DA91;
					};
				};
			};
			buildConfigurationList = D0E996981AF4230C00E3DA91 /* Build configuration list for PBXProject "PracticePractice" */;
			compatibilityVersion = "Xcode 3.2";
			developmentRegion = English;
			hasScannedForEncodings = 0;
			knownRegions = (
				en,
				Base,
			);
			mainGroup = D0E996941AF4230C00E3DA91;
			productRefGroup = D0E9969E1AF4230C00E3DA91 /* Products */;
			projectDirPath = "";
			projectRoot = "";
			targets = (
				D0E9969C1AF4230C00E3DA91 /* PracticePractice */,
				D0E996B51AF4230C00E3DA91 /* PracticePracticeTests */,
			);
		};
/* End PBXProject section */

/* Begin PBXResourcesBuildPhase section */
		D0E9969B1AF4230C00E3DA91 /* Resources */ = {
			isa = PBXResourcesBuildPhase;
			buildActionMask = 2147483647;
			files = (
				D0E996AC1AF4230C00E3DA91 /* Main.storyboard in Resources */,
				D0E996B11AF4230C00E3DA91 /* LaunchScreen.xib in Resources */,
				D0E996AE1AF4230C00E3DA91 /* Images.xcassets in Resources */,
			);
			runOnlyForDeploymentPostprocessing = 0;
		};
		D0E996B41AF4230C00E3DA91 /* Resources */ = {
			isa = PBXResourcesBuildPhase;
			buildActionMask = 2147483647;
			files = (
			);
			runOnlyForDeploymentPostprocessing = 0;
		};
/* End PBXResourcesBuildPhase section */

/* Begin PBXSourcesBuildPhase section */
		D0E996991AF4230C00E3DA91 /* Sources */ = {
			isa = PBXSourcesBuildPhase;
			buildActionMask = 2147483647;
			files = (
				D0E996A91AF4230C00E3DA91 /* ViewController.m in Sources */,
				D0E996A61AF4230C00E3DA91 /* AppDelegate.m in Sources */,
				D0E996A31AF4230C00E3DA91 /* main.m in Sources */,
			);
			runOnlyForDeploymentPostprocessing = 0;
		};
		D0E996B21AF4230C00E3DA91 /* Sources */ = {
			isa = PBXSourcesBuildPhase;
			buildActionMask = 2147483647;
			files = (
				D0E996BD1AF4230C00E3DA91 /* PracticePracticeTests.m in Sources */,
			);
			runOnlyForDeploymentPostprocessing = 0;
		};
/* End PBXSourcesBuildPhase section */

/* Begin PBXTargetDependency section */
		D0E996B81AF4230C00E3DA91 /* PBXTargetDependency */ = {
			isa = PBXTargetDependency;
			target = D0E9969C1AF4230C00E3DA91 /* PracticePractice */;
			targetProxy = D0E996B71AF4230C00E3DA91 /* PBXContainerItemProxy */;
		};
/* End PBXTargetDependency section */

/* Begin PBXVariantGroup section */
		D0E996AA1AF4230C00E3DA91 /* Main.storyboard */ = {
			isa = PBXVariantGroup;
			children = (
				D0E996AB1AF4230C00E3DA91 /* Base */,
			);
			name = Main.storyboard;
			sourceTree = "<group>";
		};
		D0E996AF1AF4230C00E3DA91 /* LaunchScreen.xib */ = {
			isa = PBXVariantGroup;
			children = (
				D0E996B01AF4230C00E3DA91 /* Base */,
			);
			name = LaunchScreen.xib;
			sourceTree = "<group>";
		};
/* End PBXVariantGroup section */

/* Begin XCBuildConfiguration section */
		D0E996BE1AF4230C00E3DA91 /* Debug */ = {
			isa = XCBuildConfiguration;
			buildSettings = {
				ALWAYS_SEARCH_USER_PATHS = NO;
				CLANG_CXX_LANGUAGE_STANDARD = "gnu++0x";
				CLANG_CXX_LIBRARY = "libc++";
				CLANG_ENABLE_MODULES = YES;
				CLANG_ENABLE_OBJC_ARC = YES;
				CLANG_WARN_BOOL_CONVERSION = YES;
				CLANG_WARN_CONSTANT_CONVERSION = YES;
				CLANG_WARN_DIRECT_OBJC_ISA_USAGE = YES_ERROR;
				CLANG_WARN_EMPTY_BODY = YES;
				CLANG_WARN_ENUM_CONVERSION = YES;
				CLANG_WARN_INT_CONVERSION = YES;
				CLANG_WARN_OBJC_ROOT_CLASS = YES_ERROR;
				CLANG_WARN_UNREACHABLE_CODE = YES;
				CLANG_WARN__DUPLICATE_METHOD_MATCH = YES;
				"CODE_SIGN_IDENTITY[sdk=iphoneos*]" = "iPhone Developer";
				COPY_PHASE_STRIP = NO;
				ENABLE_STRICT_OBJC_MSGSEND = YES;
				GCC_C_LANGUAGE_STANDARD = gnu99;
				GCC_DYNAMIC_NO_PIC = NO;
				GCC_OPTIMIZATION_LEVEL = 0;
				GCC_PREPROCESSOR_DEFINITIONS = (
					"DEBUG=1",
					"$(inherited)",
				);
				GCC_SYMBOLS_PRIVATE_EXTERN = NO;
				GCC_WARN_64_TO_32_BIT_CONVERSION = YES;
				GCC_WARN_ABOUT_RETURN_TYPE = YES_ERROR;
				GCC_WARN_UNDECLARED_SELECTOR = YES;
				GCC_WARN_UNINITIALIZED_AUTOS = YES_AGGRESSIVE;
				GCC_WARN_UNUSED_FUNCTION = YES;
				GCC_WARN_UNUSED_VARIABLE = YES;
				IPHONEOS_DEPLOYMENT_TARGET = 8.2;
				MTL_ENABLE_DEBUG_INFO = YES;
				ONLY_ACTIVE_ARCH = YES;
				SDKROOT = iphoneos;
				TARGETED_DEVICE_FAMILY = "1,2";
			};
			name = Debug;
		};
		D0E996BF1AF4230C00E3DA91 /* Release */ = {
			isa = XCBuildConfiguration;
			buildSettings = {
				ALWAYS_SEARCH_USER_PATHS = NO;
				CLANG_CXX_LANGUAGE_STANDARD = "gnu++0x";
				CLANG_CXX_LIBRARY = "libc++";
				CLANG_ENABLE_MODULES = YES;
				CLANG_ENABLE_OBJC_ARC = YES;
				CLANG_WARN_BOOL_CONVERSION = YES;
				CLANG_WARN_CONSTANT_CONVERSION = YES;
				CLANG_WARN_DIRECT_OBJC_ISA_USAGE = YES_ERROR;
				CLANG_WARN_EMPTY_BODY = YES;
				CLANG_WARN_ENUM_CONVERSION = YES;
				CLANG_WARN_INT_CONVERSION = YES;
				CLANG_WARN_OBJC_ROOT_CLASS = YES_ERROR;
				CLANG_WARN_UNREACHABLE_CODE = YES;
				CLANG_WARN__DUPLICATE_METHOD_MATCH = YES;
				"CODE_SIGN_IDENTITY[sdk=iphoneos*]" = "iPhone Developer";
				COPY_PHASE_STRIP = NO;
				ENABLE_NS_ASSERTIONS = NO;
				ENABLE_STRICT_OBJC_MSGSEND = YES;
				GCC_C_LANGUAGE_STANDARD = gnu99;
				GCC_WARN_64_TO_32_BIT_CONVERSION = YES;
				GCC_WARN_ABOUT_RETURN_TYPE = YES_ERROR;
				GCC_WARN_UNDECLARED_SELECTOR = YES;
				GCC_WARN_UNINITIALIZED_AUTOS = YES_AGGRESSIVE;
				GCC_WARN_UNUSED_FUNCTION = YES;
				GCC_WARN_UNUSED_VARIABLE = YES;
				IPHONEOS_DEPLOYMENT_TARGET = 8.2;
				MTL_ENABLE_DEBUG_INFO = NO;
				SDKROOT = iphoneos;
				TARGETED_DEVICE_FAMILY = "1,2";
				VALIDATE_PRODUCT = YES;
			};
			name = Release;
		};
		D0E996C11AF4230C00E3DA91 /* Debug */ = {
			isa = XCBuildConfiguration;
			buildSettings = {
				ASSETCATALOG_COMPILER_APPICON_NAME = AppIcon;
				INFOPLIST_FILE = PracticePractice/Info.plist;
				LD_RUNPATH_SEARCH_PATHS = "$(inherited) @executable_path/Frameworks";
				PRODUCT_NAME = "$(TARGET_NAME)";
			};
			name = Debug;
		};
		D0E996C21AF4230C00E3DA91 /* Release */ = {
			isa = XCBuildConfiguration;
			buildSettings = {
				ASSETCATALOG_COMPILER_APPICON_NAME = AppIcon;
				INFOPLIST_FILE = PracticePractice/Info.plist;
				LD_RUNPATH_SEARCH_PATHS = "$(inherited) @executable_path/Frameworks";
				PRODUCT_NAME = "$(TARGET_NAME)";
			};
			name = Release;
		};
		D0E996C41AF4230C00E3DA91 /* Debug */ = {
			isa = XCBuildConfiguration;
			buildSettings = {
				BUNDLE_LOADER = "$(TEST_HOST)";
				FRAMEWORK_SEARCH_PATHS = (
					"$(SDKROOT)/Developer/Library/Frameworks",
					"$(inherited)",
				);
				GCC_PREPROCESSOR_DEFINITIONS = (
					"DEBUG=1",
					"$(inherited)",
				);
				INFOPLIST_FILE = PracticePracticeTests/Info.plist;
				LD_RUNPATH_SEARCH_PATHS = "$(inherited) @executable_path/Frameworks @loader_path/Frameworks";
				PRODUCT_NAME = "$(TARGET_NAME)";
				TEST_HOST = "$(BUILT_PRODUCTS_DIR)/PracticePractice.app/PracticePractice";
			};
			name = Debug;
		};
		D0E996C51AF4230C00E3DA91 /* Release */ = {
			isa = XCBuildConfiguration;
			buildSettings = {
				BUNDLE_LOADER = "$(TEST_HOST)";
				FRAMEWORK_SEARCH_PATHS = (
					"$(SDKROOT)/Developer/Library/Frameworks",
					"$(inherited)",
				);
				INFOPLIST_FILE = PracticePracticeTests/Info.plist;
				LD_RUNPATH_SEARCH_PATHS = "$(inherited) @executable_path/Frameworks @loader_path/Frameworks";
				PRODUCT_NAME = "$(TARGET_NAME)";
				TEST_HOST = "$(BUILT_PRODUCTS_DIR)/PracticePractice.app/PracticePractice";
			};
			name = Release;
		};
/* End XCBuildConfiguration section */

/* Begin XCConfigurationList section */
		D0E996981AF4230C00E3DA91 /* Build configuration list for PBXProject "PracticePractice" */ = {
			isa = XCConfigurationList;
			buildConfigurations = (
				D0E996BE1AF4230C00E3DA91 /* Debug */,
				D0E996BF1AF4230C00E3DA91 /* Release */,
			);
			defaultConfigurationIsVisible = 0;
			defaultConfigurationName = Release;
		};
		D0E996C01AF4230C00E3DA91 /* Build configuration list for PBXNativeTarget "PracticePractice" */ = {
			isa = XCConfigurationList;
			buildConfigurations = (
				D0E996C11AF4230C00E3DA91 /* Debug */,
				D0E996C21AF4230C00E3DA91 /* Release */,
			);
			defaultConfigurationIsVisible = 0;
		};
		D0E996C31AF4230C00E3DA91 /* Build configuration list for PBXNativeTarget "PracticePracticeTests" */ = {
			isa = XCConfigurationList;
			buildConfigurations = (
				D0E996C41AF4230C00E3DA91 /* Debug */,
				D0E996C51AF4230C00E3DA91 /* Release */,
			);
			defaultConfigurationIsVisible = 0;
		};
/* End XCConfigurationList section */
	};
	rootObject = D0E996951AF4230C00E3DA91 /* Project object */;
}
